
Microsoft Visual Studio Solution File, Format Version 12.00
# Visual Studio Version 16
VisualStudioVersion = 16.0.32002.261
MinimumVisualStudioVersion = 10.0.40219.1
Project("{FAE04EC0-301F-11D3-BF4B-00C04F79EFBC}") = "OAKAPI", "OAKAPI\OAKAPI.csproj", "{C01E29A4-2B83-43B1-9EC8-33481BF76F12}"
EndProject
Global
	GlobalSection(SolutionConfigurationPlatforms) = preSolution
		Debug|Any CPU = Debug|Any CPU
		Release|Any CPU = Release|Any CPU
	EndGlobalSection
	GlobalSection(ProjectConfigurationPlatforms) = postSolution
		{C01E29A4-2B83-43B1-9EC8-33481BF76F12}.Debug|Any CPU.ActiveCfg = Debug|Any CPU
		{C01E29A4-2B83-43B1-9EC8-33481BF76F12}.Debug|Any CPU.Build.0 = Debug|Any CPU
		{C01E29A4-2B83-43B1-9EC8-33481BF76F12}.Release|Any CPU.ActiveCfg = Release|Any CPU
		{C01E29A4-2B83-43B1-9EC8-33481BF76F12}.Release|Any CPU.Build.0 = Release|Any CPU
	EndGlobalSection
	GlobalSection(SolutionProperties) = preSolution
		HideSolutionNode = FALSE
	EndGlobalSection
	GlobalSection(ExtensibilityGlobals) = postSolution
		SolutionGuid = {38784202-4D07-40AE-B85E-5A7B6C2A1A59}
	EndGlobalSection
EndGlobal
